<?xml version="1.0" encoding="utf-8"?>
<Project ToolsVersion="4.0" xmlns="http://schemas.microsoft.com/developer/msbuild/2003">
  <ItemGroup>
    <Filter Include="源文件">
      <UniqueIdentifier>{4FC737F1-C7A5-4376-A066-2A32D752A2FF}</UniqueIdentifier>
      <Extensions>cpp;c;cc;cxx;def;odl;idl;hpj;bat;asm;asmx</Extensions>
    </Filter>
    <Filter Include="源文件\ruby1.8.1">
      <UniqueIdentifier>{366c54a2-3697-41c1-aede-bf46ee0e5657}</UniqueIdentifier>
    </Filter>
    <Filter Include="源文件\ruby1.8.1\win32">
      <UniqueIdentifier>{b57984ed-6880-4150-9af4-eb3515099cf8}</UniqueIdentifier>
    </Filter>
    <Filter Include="源文件\ruby1.8.1\ext">
      <UniqueIdentifier>{91225bdf-b0e3-4f88-988d-adedeeeb4b71}</UniqueIdentifier>
    </Filter>
    <Filter Include="头文件">
      <UniqueIdentifier>{93995380-89BD-4b04-88EB-625FBE52EBFB}</UniqueIdentifier>
      <Extensions>h;hpp;hxx;hm;inl;inc;xsd</Extensions>
    </Filter>
    <Filter Include="资源文件">
      <UniqueIdentifier>{67DA6AB6-F800-4c08-8B7A-83BB121AAD01}</UniqueIdentifier>
      <Extensions>rc;ico;cur;bmp;dlg;rc2;rct;bin;rgs;gif;jpg;jpeg;jpe;resx;tiff;tif;png;wav</Extensions>
    </Filter>
  </ItemGroup>
  <ItemGroup>
    <ClCompile Include="Source\Entry.cpp">
      <Filter>源文件</Filter>
    </ClCompile>
    <ClCompile Include="Source\RGSS102J.cpp">
      <Filter>源文件</Filter>
    </ClCompile>
    <ClCompile Include="Source\RGSS102JEx.cpp">
      <Filter>源文件</Filter>
    </ClCompile>
    <ClCompile Include="Source\RubyInterpreter.cpp">
      <Filter>源文件</Filter>
    </ClCompile>
    <ClCompile Include="Source\ruby1.8.1\ext\win32ole.c">
      <Filter>源文件\ruby1.8.1\ext</Filter>
    </ClCompile>
  </ItemGroup>
  <ItemGroup>
    <ClInclude Include="Source\RGSS102J.h">
      <Filter>源文件</Filter>
    </ClInclude>
    <ClInclude Include="Source\RGSS102JEx.h">
      <Filter>源文件</Filter>
    </ClInclude>
    <ClInclude Include="Source\RubyInterpreter.h">
      <Filter>源文件</Filter>
    </ClInclude>
    <ClInclude Include="Source\RubyInterpreterDefines.h">
      <Filter>源文件</Filter>
    </ClInclude>
    <ClInclude Include="Source\Types.h">
      <Filter>源文件</Filter>
    </ClInclude>
    <ClInclude Include="Source\ruby1.8.1\config.h">
      <Filter>源文件\ruby1.8.1</Filter>
    </ClInclude>
    <ClInclude Include="Source\ruby1.8.1\defines.h">
      <Filter>源文件\ruby1.8.1</Filter>
    </ClInclude>
    <ClInclude Include="Source\ruby1.8.1\dln.h">
      <Filter>源文件\ruby1.8.1</Filter>
    </ClInclude>
    <ClInclude Include="Source\ruby1.8.1\env.h">
      <Filter>源文件\ruby1.8.1</Filter>
    </ClInclude>
    <ClInclude Include="Source\ruby1.8.1\intern.h">
      <Filter>源文件\ruby1.8.1</Filter>
    </ClInclude>
    <ClInclude Include="Source\ruby1.8.1\missing.h">
      <Filter>源文件\ruby1.8.1</Filter>
    </ClInclude>
    <ClInclude Include="Source\ruby1.8.1\node.h">
      <Filter>源文件\ruby1.8.1</Filter>
    </ClInclude>
    <ClInclude Include="Source\ruby1.8.1\re.h">
      <Filter>源文件\ruby1.8.1</Filter>
    </ClInclude>
    <ClInclude Include="Source\ruby1.8.1\regex.h">
      <Filter>源文件\ruby1.8.1</Filter>
    </ClInclude>
    <ClInclude Include="Source\ruby1.8.1\ruby.h">
      <Filter>源文件\ruby1.8.1</Filter>
    </ClInclude>
    <ClInclude Include="Source\ruby1.8.1\rubyio.h">
      <Filter>源文件\ruby1.8.1</Filter>
    </ClInclude>
    <ClInclude Include="Source\ruby1.8.1\rubysig.h">
      <Filter>源文件\ruby1.8.1</Filter>
    </ClInclude>
    <ClInclude Include="Source\ruby1.8.1\st.h">
      <Filter>源文件\ruby1.8.1</Filter>
    </ClInclude>
    <ClInclude Include="Source\ruby1.8.1\util.h">
      <Filter>源文件\ruby1.8.1</Filter>
    </ClInclude>
    <ClInclude Include="Source\ruby1.8.1\version.h">
      <Filter>源文件\ruby1.8.1</Filter>
    </ClInclude>
    <ClInclude Include="Source\ruby1.8.1\win32\dir.h">
      <Filter>源文件\ruby1.8.1\win32</Filter>
    </ClInclude>
    <ClInclude Include="Source\ruby1.8.1\win32\win32.h">
      <Filter>源文件\ruby1.8.1\win32</Filter>
    </ClInclude>
    <ClInclude Include="resource.h">
      <Filter>头文件</Filter>
    </ClInclude>
  </ItemGroup>
  <ItemGroup>
    <None Include="RGSS102JPatch.def">
      <Filter>源文件</Filter>
    </None>
  </ItemGroup>
  <ItemGroup>
    <ResourceCompile Include="RGSS102JPatch.rc">
      <Filter>资源文件</Filter>
    </ResourceCompile>
  </ItemGroup>
</Project>